
Microsoft Visual Studio Solution File, Format Version 12.00
# Visual Studio 2013
VisualStudioVersion = 12.0.30723.0
MinimumVisualStudioVersion = 10.0.40219.1
Project("{FAE04EC0-301F-11D3-BF4B-00C04F79EFBC}") = "DeadLetterTest", "DeadLetterTest\DeadLetterTest.csproj", "{8FBBBA62-DF93-4BA8-9158-CBBDB1ADD65B}"
EndProject
Project("{FAE04EC0-301F-11D3-BF4B-00C04F79EFBC}") = "PublishConfirmTest", "PublishConfirmTest\PublishConfirmTest.csproj", "{00B0AB0B-A324-44F1-831F-245C6816E319}"
EndProject
Global
	GlobalSection(SolutionConfigurationPlatforms) = preSolution
		Debug|Any CPU = Debug|Any CPU
		Release|Any CPU = Release|Any CPU
	EndGlobalSection
	GlobalSection(ProjectConfigurationPlatforms) = postSolution
		{8FBBBA62-DF93-4BA8-9158-CBBDB1ADD65B}.Debug|Any CPU.ActiveCfg = Debug|Any CPU
		{8FBBBA62-DF93-4BA8-9158-CBBDB1ADD65B}.Debug|Any CPU.Build.0 = Debug|Any CPU
		{8FBBBA62-DF93-4BA8-9158-CBBDB1ADD65B}.Release|Any CPU.ActiveCfg = Release|Any CPU
		{8FBBBA62-DF93-4BA8-9158-CBBDB1ADD65B}.Release|Any CPU.Build.0 = Release|Any CPU
		{00B0AB0B-A324-44F1-831F-245C6816E319}.Debug|Any CPU.ActiveCfg = Debug|Any CPU
		{00B0AB0B-A324-44F1-831F-245C6816E319}.Debug|Any CPU.Build.0 = Debug|Any CPU
		{00B0AB0B-A324-44F1-831F-245C6816E319}.Release|Any CPU.ActiveCfg = Release|Any CPU
		{00B0AB0B-A324-44F1-831F-245C6816E319}.Release|Any CPU.Build.0 = Release|Any CPU
	EndGlobalSection
	GlobalSection(SolutionProperties) = preSolution
		HideSolutionNode = FALSE
	EndGlobalSection
	GlobalSection(ExtensibilityGlobals) = postSolution
		SolutionGuid = {FCAB0481-E459-4571-ADAE-1B12142F67B7}
	EndGlobalSection
EndGlobal
